// !$*UTF8*$!
{
	archiveVersion = 1;
	classes = {
	};
	objectVersion = 46;
	objects = {

/* Begin PBXBuildFile section */
		E181219519851ACC009A1515 /* AsyncUdpSocket.m in Sources */ = {isa = PBXBuildFile; fileRef = E181219419851ACC009A1515 /* AsyncUdpSocket.m */; };
		E1DE230D1984FC59007A3A08 /* Artnet_ClientPlugIn.m in Sources */ = {isa = PBXBuildFile; fileRef = E1DE230C1984FC59007A3A08 /* Artnet_ClientPlugIn.m */; };
/* End PBXBuildFile section */

/* Begin PBXFileReference section */
		E181219319851ACC009A1515 /* AsyncUdpSocket.h */ = {isa = PBXFileReference; fileEncoding = 4; lastKnownFileType = sourcecode.c.h; path = AsyncUdpSocket.h; sourceTree = "<group>"; };
		E181219419851ACC009A1515 /* AsyncUdpSocket.m */ = {isa = PBXFileReference; fileEncoding = 4; lastKnownFileType = sourcecode.c.objc; path = AsyncUdpSocket.m; sourceTree = "<group>"; };
		E1DE23061984FC59007A3A08 /* Artnet Client.plugin */ = {isa = PBXFileReference; explicitFileType = wrapper.cfbundle; includeInIndex = 0; path = "Artnet Client.plugin"; sourceTree = BUILT_PRODUCTS_DIR; };
		E1DE230A1984FC59007A3A08 /* Info.plist */ = {isa = PBXFileReference; lastKnownFileType = text.plist.xml; path = Info.plist; sourceTree = "<group>"; };
		E1DE230B1984FC59007A3A08 /* Artnet_ClientPlugIn.h */ = {isa = PBXFileReference; lastKnownFileType = sourcecode.c.h; path = Artnet_ClientPlugIn.h; sourceTree = "<group>"; };
		E1DE230C1984FC59007A3A08 /* Artnet_ClientPlugIn.m */ = {isa = PBXFileReference; lastKnownFileType = sourcecode.c.objc; path = Artnet_ClientPlugIn.m; sourceTree = "<group>"; };
/* End PBXFileReference section */

/* Begin PBXFrameworksBuildPhase section */
		E1DE23021984FC59007A3A08 /* Frameworks */ = {
			isa = PBXFrameworksBuildPhase;
			buildActionMask = 2147483647;
			files = (
			);
			runOnlyForDeploymentPostprocessing = 0;
		};
/* End PBXFrameworksBuildPhase section */

/* Begin PBXGroup section */
		E1DE22FC1984FC59007A3A08 = {
			isa = PBXGroup;
			children = (
				E1DE23081984FC59007A3A08 /* Artnet Client */,
				E1DE23071984FC59007A3A08 /* Products */,
			);
			sourceTree = "<group>";
		};
		E1DE23071984FC59007A3A08 /* Products */ = {
			isa = PBXGroup;
			children = (
				E1DE23061984FC59007A3A08 /* Artnet Client.plugin */,
			);
			name = Products;
			sourceTree = "<group>";
		};
		E1DE23081984FC59007A3A08 /* Artnet Client */ = {
			isa = PBXGroup;
			children = (
				E1DE230B1984FC59007A3A08 /* Artnet_ClientPlugIn.h */,
				E1DE230C1984FC59007A3A08 /* Artnet_ClientPlugIn.m */,
				E181219319851ACC009A1515 /* AsyncUdpSocket.h */,
				E181219419851ACC009A1515 /* AsyncUdpSocket.m */,
				E1DE23091984FC59007A3A08 /* Supporting Files */,
			);
			path = "Artnet Client";
			sourceTree = "<group>";
		};
		E1DE23091984FC59007A3A08 /* Supporting Files */ = {
			isa = PBXGroup;
			children = (
				E1DE230A1984FC59007A3A08 /* Info.plist */,
			);
			name = "Supporting Files";
			sourceTree = "<group>";
		};
/* End PBXGroup section */

/* Begin PBXNativeTarget section */
		E1DE23051984FC59007A3A08 /* Artnet Client */ = {
			isa = PBXNativeTarget;
			buildConfigurationList = E1DE23101984FC59007A3A08 /* Build configuration list for PBXNativeTarget "Artnet Client" */;
			buildPhases = (
				E1DE23011984FC59007A3A08 /* Sources */,
				E1DE23021984FC59007A3A08 /* Frameworks */,
				E1DE23031984FC59007A3A08 /* Resources */,
				E1DE23041984FC59007A3A08 /* ShellScript */,
			);
			buildRules = (
			);
			dependencies = (
			);
			name = "Artnet Client";
			productName = "Artnet Client";
			productReference = E1DE23061984FC59007A3A08 /* Artnet Client.plugin */;
			productType = "com.apple.product-type.bundle";
		};
/* End PBXNativeTarget section */

/* Begin PBXProject section */
		E1DE22FD1984FC59007A3A08 /* Project object */ = {
			isa = PBXProject;
			attributes = {
				LastUpgradeCheck = 0600;
				ORGANIZATIONNAME = "Fabian Scheidt";
				TargetAttributes = {
					E1DE23051984FC59007A3A08 = {
						CreatedOnToolsVersion = 6.0;
					};
				};
			};
			buildConfigurationList = E1DE23001984FC59007A3A08 /* Build configuration list for PBXProject "Artnet Client" */;
			compatibilityVersion = "Xcode 3.2";
			developmentRegion = English;
			hasScannedForEncodings = 0;
			knownRegions = (
				en,
			);
			mainGroup = E1DE22FC1984FC59007A3A08;
			productRefGroup = E1DE23071984FC59007A3A08 /* Products */;
			projectDirPath = "";
			projectRoot = "";
			targets = (
				E1DE23051984FC59007A3A08 /* Artnet Client */,
			);
		};
/* End PBXProject section */

/* Begin PBXResourcesBuildPhase section */
		E1DE23031984FC59007A3A08 /* Resources */ = {
			isa = PBXResourcesBuildPhase;
			buildActionMask = 2147483647;
			files = (
			);
			runOnlyForDeploymentPostprocessing = 0;
		};
/* End PBXResourcesBuildPhase section */

/* Begin PBXShellScriptBuildPhase section */
		E1DE23041984FC59007A3A08 /* ShellScript */ = {
			isa = PBXShellScriptBuildPhase;
			buildActionMask = 2147483647;
			files = (
			);
			inputPaths = (
			);
			outputPaths = (
			);
			runOnlyForDeploymentPostprocessing = 0;
			shellPath = /bin/sh;
			shellScript = "# This shell script simply copies the built plug-in to \"~/Library/Graphics/Quartz Composer Plug-Ins\" and overrides any previous version at that location\n\nmkdir -p \"$USER_LIBRARY_DIR/Graphics/Quartz Composer Plug-Ins\"\nrm -rf \"$USER_LIBRARY_DIR/Graphics/Quartz Composer Plug-Ins/Artnet Client.plugin\"\ncp -rf \"$BUILT_PRODUCTS_DIR/Artnet Client.plugin\" \"$USER_LIBRARY_DIR/Graphics/Quartz Composer Plug-Ins/\"\n";
		};
/* End PBXShellScriptBuildPhase section */

/* Begin PBXSourcesBuildPhase section */
		E1DE23011984FC59007A3A08 /* Sources */ = {
			isa = PBXSourcesBuildPhase;
			buildActionMask = 2147483647;
			files = (
				E1DE230D1984FC59007A3A08 /* Artnet_ClientPlugIn.m in Sources */,
				E181219519851ACC009A1515 /* AsyncUdpSocket.m in Sources */,
			);
			runOnlyForDeploymentPostprocessing = 0;
		};
/* End PBXSourcesBuildPhase section */

/* Begin XCBuildConfiguration section */
		E1DE230E1984FC59007A3A08 /* Debug */ = {
			isa = XCBuildConfiguration;
			buildSettings = {
				ALWAYS_SEARCH_USER_PATHS = NO;
				CLANG_CXX_LANGUAGE_STANDARD = "gnu++0x";
				CLANG_CXX_LIBRARY = "libc++";
				CLANG_ENABLE_MODULES = YES;
				CLANG_ENABLE_OBJC_ARC = YES;
				CLANG_WARN_BOOL_CONVERSION = YES;
				CLANG_WARN_CONSTANT_CONVERSION = YES;
				CLANG_WARN_DIRECT_OBJC_ISA_USAGE = YES_ERROR;
				CLANG_WARN_EMPTY_BODY = YES;
				CLANG_WARN_ENUM_CONVERSION = YES;
				CLANG_WARN_INT_CONVERSION = YES;
				CLANG_WARN_OBJC_ROOT_CLASS = YES_ERROR;
				CLANG_WARN_UNREACHABLE_CODE = YES;
				CLANG_WARN__DUPLICATE_METHOD_MATCH = YES;
				COPY_PHASE_STRIP = NO;
				ENABLE_STRICT_OBJC_MSGSEND = YES;
				GCC_C_LANGUAGE_STANDARD = gnu99;
				GCC_DYNAMIC_NO_PIC = NO;
				GCC_OPTIMIZATION_LEVEL = 0;
				GCC_PREPROCESSOR_DEFINITIONS = (
					"DEBUG=1",
					"$(inherited)",
				);
				GCC_SYMBOLS_PRIVATE_EXTERN = NO;
				GCC_WARN_64_TO_32_BIT_CONVERSION = YES;
				GCC_WARN_ABOUT_RETURN_TYPE = YES_ERROR;
				GCC_WARN_UNDECLARED_SELECTOR = YES;
				GCC_WARN_UNINITIALIZED_AUTOS = YES_AGGRESSIVE;
				GCC_WARN_UNUSED_FUNCTION = YES;
				GCC_WARN_UNUSED_VARIABLE = YES;
				MACOSX_DEPLOYMENT_TARGET = 10.10;
				METAL_ENABLE_DEBUG_INFO = YES;
				ONLY_ACTIVE_ARCH = YES;
				SDKROOT = macosx;
			};
			name = Debug;
		};
		E1DE230F1984FC59007A3A08 /* Release */ = {
			isa = XCBuildConfiguration;
			buildSettings = {
				ALWAYS_SEARCH_USER_PATHS = NO;
				CLANG_CXX_LANGUAGE_STANDARD = "gnu++0x";
				CLANG_CXX_LIBRARY = "libc++";
				CLANG_ENABLE_MODULES = YES;
				CLANG_ENABLE_OBJC_ARC = YES;
				CLANG_WARN_BOOL_CONVERSION = YES;
				CLANG_WARN_CONSTANT_CONVERSION = YES;
				CLANG_WARN_DIRECT_OBJC_ISA_USAGE = YES_ERROR;
				CLANG_WARN_EMPTY_BODY = YES;
				CLANG_WARN_ENUM_CONVERSION = YES;
				CLANG_WARN_INT_CONVERSION = YES;
				CLANG_WARN_OBJC_ROOT_CLASS = YES_ERROR;
				CLANG_WARN_UNREACHABLE_CODE = YES;
				CLANG_WARN__DUPLICATE_METHOD_MATCH = YES;
				COPY_PHASE_STRIP = YES;
				DEBUG_INFORMATION_FORMAT = "dwarf-with-dsym";
				ENABLE_NS_ASSERTIONS = NO;
				ENABLE_STRICT_OBJC_MSGSEND = YES;
				GCC_C_LANGUAGE_STANDARD = gnu99;
				GCC_WARN_64_TO_32_BIT_CONVERSION = YES;
				GCC_WARN_ABOUT_RETURN_TYPE = YES_ERROR;
				GCC_WARN_UNDECLARED_SELECTOR = YES;
				GCC_WARN_UNINITIALIZED_AUTOS = YES_AGGRESSIVE;
				GCC_WARN_UNUSED_FUNCTION = YES;
				GCC_WARN_UNUSED_VARIABLE = YES;
				MACOSX_DEPLOYMENT_TARGET = 10.10;
				METAL_ENABLE_DEBUG_INFO = NO;
				SDKROOT = macosx;
			};
			name = Release;
		};
		E1DE23111984FC59007A3A08 /* Debug */ = {
			isa = XCBuildConfiguration;
			buildSettings = {
				COMBINE_HIDPI_IMAGES = YES;
				INFOPLIST_FILE = "Artnet Client/Info.plist";
				INSTALL_PATH = "$(HOME)/Library/Graphics/Quartz Composer Plug-Ins";
				PRODUCT_NAME = "$(TARGET_NAME)";
				WRAPPER_EXTENSION = plugin;
			};
			name = Debug;
		};
		E1DE23121984FC59007A3A08 /* Release */ = {
			isa = XCBuildConfiguration;
			buildSettings = {
				COMBINE_HIDPI_IMAGES = YES;
				INFOPLIST_FILE = "Artnet Client/Info.plist";
				INSTALL_PATH = "$(HOME)/Library/Graphics/Quartz Composer Plug-Ins";
				PRODUCT_NAME = "$(TARGET_NAME)";
				WRAPPER_EXTENSION = plugin;
			};
			name = Release;
		};
/* End XCBuildConfiguration section */

/* Begin XCConfigurationList section */
		E1DE23001984FC59007A3A08 /* Build configuration list for PBXProject "Artnet Client" */ = {
			isa = XCConfigurationList;
			buildConfigurations = (
				E1DE230E1984FC59007A3A08 /* Debug */,
				E1DE230F1984FC59007A3A08 /* Release */,
			);
			defaultConfigurationIsVisible = 0;
			defaultConfigurationName = Release;
		};
		E1DE23101984FC59007A3A08 /* Build configuration list for PBXNativeTarget "Artnet Client" */ = {
			isa = XCConfigurationList;
			buildConfigurations = (
				E1DE23111984FC59007A3A08 /* Debug */,
				E1DE23121984FC59007A3A08 /* Release */,
			);
			defaultConfigurationIsVisible = 0;
			defaultConfigurationName = Release;
		};
/* End XCConfigurationList section */
	};
	rootObject = E1DE22FD1984FC59007A3A08 /* Project object */;
}
